// !$*UTF8*$!
{
	archiveVersion = 1;
	classes = {
	};
	objectVersion = 56;
	objects = {

/* Begin PBXBuildFile section */
		FB1633022BFF629300C3076C /* MovieDemoApp.swift in Sources */ = {isa = PBXBuildFile; fileRef = FB1633012BFF629300C3076C /* MovieDemoApp.swift */; };
		FB1633042BFF629300C3076C /* HomeView.swift in Sources */ = {isa = PBXBuildFile; fileRef = FB1633032BFF629300C3076C /* HomeView.swift */; };
		FB1633062BFF629600C3076C /* Assets.xcassets in Resources */ = {isa = PBXBuildFile; fileRef = FB1633052BFF629600C3076C /* Assets.xcassets */; };
		FB1633092BFF629600C3076C /* Preview Assets.xcassets in Resources */ = {isa = PBXBuildFile; fileRef = FB1633082BFF629600C3076C /* Preview Assets.xcassets */; };
		FB1633102BFF63B500C3076C /* NetworkManager.swift in Sources */ = {isa = PBXBuildFile; fileRef = FB16330F2BFF63B500C3076C /* NetworkManager.swift */; };
		FB1633132BFF652000C3076C /* MovieModel.swift in Sources */ = {isa = PBXBuildFile; fileRef = FB1633122BFF652000C3076C /* MovieModel.swift */; };
		FB6BACCB2C0076AF0037207C /* Kingfisher in Frameworks */ = {isa = PBXBuildFile; productRef = FB6BACCA2C0076AF0037207C /* Kingfisher */; };
		FB6BACCD2C007FAB0037207C /* MovieDetailsModel.swift in Sources */ = {isa = PBXBuildFile; fileRef = FB6BACCC2C007FAB0037207C /* MovieDetailsModel.swift */; };
		FB6BACD02C0080DB0037207C /* DetailsViewModel.swift in Sources */ = {isa = PBXBuildFile; fileRef = FB6BACCF2C0080DB0037207C /* DetailsViewModel.swift */; };
		FB6BACD22C0080F70037207C /* DetailsView.swift in Sources */ = {isa = PBXBuildFile; fileRef = FB6BACD12C0080F70037207C /* DetailsView.swift */; };
		FBB421102BFFDE4F00F9359F /* HomeViewModel.swift in Sources */ = {isa = PBXBuildFile; fileRef = FBB4210F2BFFDE4F00F9359F /* HomeViewModel.swift */; };
/* End PBXBuildFile section */

/* Begin PBXFileReference section */
		FB1632FE2BFF629300C3076C /* MovieDemo.app */ = {isa = PBXFileReference; explicitFileType = wrapper.application; includeInIndex = 0; path = MovieDemo.app; sourceTree = BUILT_PRODUCTS_DIR; };
		FB1633012BFF629300C3076C /* MovieDemoApp.swift */ = {isa = PBXFileReference; lastKnownFileType = sourcecode.swift; path = MovieDemoApp.swift; sourceTree = "<group>"; };
		FB1633032BFF629300C3076C /* HomeView.swift */ = {isa = PBXFileReference; lastKnownFileType = sourcecode.swift; path = HomeView.swift; sourceTree = "<group>"; };
		FB1633052BFF629600C3076C /* Assets.xcassets */ = {isa = PBXFileReference; lastKnownFileType = folder.assetcatalog; path = Assets.xcassets; sourceTree = "<group>"; };
		FB1633082BFF629600C3076C /* Preview Assets.xcassets */ = {isa = PBXFileReference; lastKnownFileType = folder.assetcatalog; path = "Preview Assets.xcassets"; sourceTree = "<group>"; };
		FB16330F2BFF63B500C3076C /* NetworkManager.swift */ = {isa = PBXFileReference; lastKnownFileType = sourcecode.swift; path = NetworkManager.swift; sourceTree = "<group>"; };
		FB1633122BFF652000C3076C /* MovieModel.swift */ = {isa = PBXFileReference; lastKnownFileType = sourcecode.swift; path = MovieModel.swift; sourceTree = "<group>"; };
		FB6BACCC2C007FAB0037207C /* MovieDetailsModel.swift */ = {isa = PBXFileReference; lastKnownFileType = sourcecode.swift; path = MovieDetailsModel.swift; sourceTree = "<group>"; };
		FB6BACCF2C0080DB0037207C /* DetailsViewModel.swift */ = {isa = PBXFileReference; lastKnownFileType = sourcecode.swift; path = DetailsViewModel.swift; sourceTree = "<group>"; };
		FB6BACD12C0080F70037207C /* DetailsView.swift */ = {isa = PBXFileReference; lastKnownFileType = sourcecode.swift; path = DetailsView.swift; sourceTree = "<group>"; };
		FBB4210F2BFFDE4F00F9359F /* HomeViewModel.swift */ = {isa = PBXFileReference; lastKnownFileType = sourcecode.swift; path = HomeViewModel.swift; sourceTree = "<group>"; };
/* End PBXFileReference section */

/* Begin PBXFrameworksBuildPhase section */
		FB1632FB2BFF629300C3076C /* Frameworks */ = {
			isa = PBXFrameworksBuildPhase;
			buildActionMask = 2147483647;
			files = (
				FB6BACCB2C0076AF0037207C /* Kingfisher in Frameworks */,
			);
			runOnlyForDeploymentPostprocessing = 0;
		};
/* End PBXFrameworksBuildPhase section */

/* Begin PBXGroup section */
		FB1632F52BFF629300C3076C = {
			isa = PBXGroup;
			children = (
				FB1633002BFF629300C3076C /* MovieDemo */,
				FB1632FF2BFF629300C3076C /* Products */,
			);
			sourceTree = "<group>";
		};
		FB1632FF2BFF629300C3076C /* Products */ = {
			isa = PBXGroup;
			children = (
				FB1632FE2BFF629300C3076C /* MovieDemo.app */,
			);
			name = Products;
			sourceTree = "<group>";
		};
		FB1633002BFF629300C3076C /* MovieDemo */ = {
			isa = PBXGroup;
			children = (
				FB1633112BFF650800C3076C /* Models */,
				FB1633142BFF680200C3076C /* Network */,
				FB1633152BFF683500C3076C /* HomeScreen */,
				FB6BACCE2C0080BD0037207C /* DetailsScreen */,
				FB1633012BFF629300C3076C /* MovieDemoApp.swift */,
				FB1633052BFF629600C3076C /* Assets.xcassets */,
				FB1633072BFF629600C3076C /* Preview Content */,
			);
			path = MovieDemo;
			sourceTree = "<group>";
		};
		FB1633072BFF629600C3076C /* Preview Content */ = {
			isa = PBXGroup;
			children = (
				FB1633082BFF629600C3076C /* Preview Assets.xcassets */,
			);
			path = "Preview Content";
			sourceTree = "<group>";
		};
		FB1633112BFF650800C3076C /* Models */ = {
			isa = PBXGroup;
			children = (
				FB1633122BFF652000C3076C /* MovieModel.swift */,
				FB6BACCC2C007FAB0037207C /* MovieDetailsModel.swift */,
			);
			path = Models;
			sourceTree = "<group>";
		};
		FB1633142BFF680200C3076C /* Network */ = {
			isa = PBXGroup;
			children = (
				FB16330F2BFF63B500C3076C /* NetworkManager.swift */,
			);
			path = Network;
			sourceTree = "<group>";
		};
		FB1633152BFF683500C3076C /* HomeScreen */ = {
			isa = PBXGroup;
			children = (
				FB1633032BFF629300C3076C /* HomeView.swift */,
				FBB4210F2BFFDE4F00F9359F /* HomeViewModel.swift */,
			);
			path = HomeScreen;
			sourceTree = "<group>";
		};
		FB6BACCE2C0080BD0037207C /* DetailsScreen */ = {
			isa = PBXGroup;
			children = (
				FB6BACCF2C0080DB0037207C /* DetailsViewModel.swift */,
				FB6BACD12C0080F70037207C /* DetailsView.swift */,
			);
			path = DetailsScreen;
			sourceTree = "<group>";
		};
/* End PBXGroup section */

/* Begin PBXNativeTarget section */
		FB1632FD2BFF629300C3076C /* MovieDemo */ = {
			isa = PBXNativeTarget;
			buildConfigurationList = FB16330C2BFF629600C3076C /* Build configuration list for PBXNativeTarget "MovieDemo" */;
			buildPhases = (
				FB1632FA2BFF629300C3076C /* Sources */,
				FB1632FB2BFF629300C3076C /* Frameworks */,
				FB1632FC2BFF629300C3076C /* Resources */,
			);
			buildRules = (
			);
			dependencies = (
			);
			name = MovieDemo;
			packageProductDependencies = (
				FB6BACCA2C0076AF0037207C /* Kingfisher */,
			);
			productName = MovieDemo;
			productReference = FB1632FE2BFF629300C3076C /* MovieDemo.app */;
			productType = "com.apple.product-type.application";
		};
/* End PBXNativeTarget section */

/* Begin PBXProject section */
		FB1632F62BFF629300C3076C /* Project object */ = {
			isa = PBXProject;
			attributes = {
				BuildIndependentTargetsInParallel = 1;
				LastSwiftUpdateCheck = 1500;
				LastUpgradeCheck = 1500;
				TargetAttributes = {
					FB1632FD2BFF629300C3076C = {
						CreatedOnToolsVersion = 15.0;
					};
				};
			};
			buildConfigurationList = FB1632F92BFF629300C3076C /* Build configuration list for PBXProject "MovieDemo" */;
			compatibilityVersion = "Xcode 14.0";
			developmentRegion = en;
			hasScannedForEncodings = 0;
			knownRegions = (
				en,
				Base,
			);
			mainGroup = FB1632F52BFF629300C3076C;
			packageReferences = (
				FB6BACC92C0076AF0037207C /* XCRemoteSwiftPackageReference "Kingfisher" */,
			);
			productRefGroup = FB1632FF2BFF629300C3076C /* Products */;
			projectDirPath = "";
			projectRoot = "";
			targets = (
				FB1632FD2BFF629300C3076C /* MovieDemo */,
			);
		};
/* End PBXProject section */

/* Begin PBXResourcesBuildPhase section */
		FB1632FC2BFF629300C3076C /* Resources */ = {
			isa = PBXResourcesBuildPhase;
			buildActionMask = 2147483647;
			files = (
				FB1633092BFF629600C3076C /* Preview Assets.xcassets in Resources */,
				FB1633062BFF629600C3076C /* Assets.xcassets in Resources */,
			);
			runOnlyForDeploymentPostprocessing = 0;
		};
/* End PBXResourcesBuildPhase section */

/* Begin PBXSourcesBuildPhase section */
		FB1632FA2BFF629300C3076C /* Sources */ = {
			isa = PBXSourcesBuildPhase;
			buildActionMask = 2147483647;
			files = (
				FBB421102BFFDE4F00F9359F /* HomeViewModel.swift in Sources */,
				FB1633132BFF652000C3076C /* MovieModel.swift in Sources */,
				FB1633102BFF63B500C3076C /* NetworkManager.swift in Sources */,
				FB6BACCD2C007FAB0037207C /* MovieDetailsModel.swift in Sources */,
				FB6BACD02C0080DB0037207C /* DetailsViewModel.swift in Sources */,
				FB6BACD22C0080F70037207C /* DetailsView.swift in Sources */,
				FB1633042BFF629300C3076C /* HomeView.swift in Sources */,
				FB1633022BFF629300C3076C /* MovieDemoApp.swift in Sources */,
			);
			runOnlyForDeploymentPostprocessing = 0;
		};
/* End PBXSourcesBuildPhase section */

/* Begin XCBuildConfiguration section */
		FB16330A2BFF629600C3076C /* Debug */ = {
			isa = XCBuildConfiguration;
			buildSettings = {
				ALWAYS_SEARCH_USER_PATHS = NO;
				ASSETCATALOG_COMPILER_GENERATE_SWIFT_ASSET_SYMBOL_EXTENSIONS = YES;
				CLANG_ANALYZER_NONNULL = YES;
				CLANG_ANALYZER_NUMBER_OBJECT_CONVERSION = YES_AGGRESSIVE;
				CLANG_CXX_LANGUAGE_STANDARD = "gnu++20";
				CLANG_ENABLE_MODULES = YES;
				CLANG_ENABLE_OBJC_ARC = YES;
				CLANG_ENABLE_OBJC_WEAK = YES;
				CLANG_WARN_BLOCK_CAPTURE_AUTORELEASING = YES;
				CLANG_WARN_BOOL_CONVERSION = YES;
				CLANG_WARN_COMMA = YES;
				CLANG_WARN_CONSTANT_CONVERSION = YES;
				CLANG_WARN_DEPRECATED_OBJC_IMPLEMENTATIONS = YES;
				CLANG_WARN_DIRECT_OBJC_ISA_USAGE = YES_ERROR;
				CLANG_WARN_DOCUMENTATION_COMMENTS = YES;
				CLANG_WARN_EMPTY_BODY = YES;
				CLANG_WARN_ENUM_CONVERSION = YES;
				CLANG_WARN_INFINITE_RECURSION = YES;
				CLANG_WARN_INT_CONVERSION = YES;
				CLANG_WARN_NON_LITERAL_NULL_CONVERSION = YES;
				CLANG_WARN_OBJC_IMPLICIT_RETAIN_SELF = YES;
				CLANG_WARN_OBJC_LITERAL_CONVERSION = YES;
				CLANG_WARN_OBJC_ROOT_CLASS = YES_ERROR;
				CLANG_WARN_QUOTED_INCLUDE_IN_FRAMEWORK_HEADER = YES;
				CLANG_WARN_RANGE_LOOP_ANALYSIS = YES;
				CLANG_WARN_STRICT_PROTOTYPES = YES;
				CLANG_WARN_SUSPICIOUS_MOVE = YES;
				CLANG_WARN_UNGUARDED_AVAILABILITY = YES_AGGRESSIVE;
				CLANG_WARN_UNREACHABLE_CODE = YES;
				CLANG_WARN__DUPLICATE_METHOD_MATCH = YES;
				COPY_PHASE_STRIP = NO;
				DEBUG_INFORMATION_FORMAT = dwarf;
				ENABLE_STRICT_OBJC_MSGSEND = YES;
				ENABLE_TESTABILITY = YES;
				ENABLE_USER_SCRIPT_SANDBOXING = YES;
				GCC_C_LANGUAGE_STANDARD = gnu17;
				GCC_DYNAMIC_NO_PIC = NO;
				GCC_NO_COMMON_BLOCKS = YES;
				GCC_OPTIMIZATION_LEVEL = 0;
				GCC_PREPROCESSOR_DEFINITIONS = (
					"DEBUG=1",
					"$(inherited)",
				);
				GCC_WARN_64_TO_32_BIT_CONVERSION = YES;
				GCC_WARN_ABOUT_RETURN_TYPE = YES_ERROR;
				GCC_WARN_UNDECLARED_SELECTOR = YES;
				GCC_WARN_UNINITIALIZED_AUTOS = YES_AGGRESSIVE;
				GCC_WARN_UNUSED_FUNCTION = YES;
				GCC_WARN_UNUSED_VARIABLE = YES;
				IPHONEOS_DEPLOYMENT_TARGET = 17.0;
				LOCALIZATION_PREFERS_STRING_CATALOGS = YES;
				MTL_ENABLE_DEBUG_INFO = INCLUDE_SOURCE;
				MTL_FAST_MATH = YES;
				ONLY_ACTIVE_ARCH = YES;
				SDKROOT = iphoneos;
				SWIFT_ACTIVE_COMPILATION_CONDITIONS = "DEBUG $(inherited)";
				SWIFT_OPTIMIZATION_LEVEL = "-Onone";
			};
			name = Debug;
		};
		FB16330B2BFF629600C3076C /* Release */ = {
			isa = XCBuildConfiguration;
			buildSettings = {
				ALWAYS_SEARCH_USER_PATHS = NO;
				ASSETCATALOG_COMPILER_GENERATE_SWIFT_ASSET_SYMBOL_EXTENSIONS = YES;
				CLANG_ANALYZER_NONNULL = YES;
				CLANG_ANALYZER_NUMBER_OBJECT_CONVERSION = YES_AGGRESSIVE;
				CLANG_CXX_LANGUAGE_STANDARD = "gnu++20";
				CLANG_ENABLE_MODULES = YES;
				CLANG_ENABLE_OBJC_ARC = YES;
				CLANG_ENABLE_OBJC_WEAK = YES;
				CLANG_WARN_BLOCK_CAPTURE_AUTORELEASING = YES;
				CLANG_WARN_BOOL_CONVERSION = YES;
				CLANG_WARN_COMMA = YES;
				CLANG_WARN_CONSTANT_CONVERSION = YES;
				CLANG_WARN_DEPRECATED_OBJC_IMPLEMENTATIONS = YES;
				CLANG_WARN_DIRECT_OBJC_ISA_USAGE = YES_ERROR;
				CLANG_WARN_DOCUMENTATION_COMMENTS = YES;
				CLANG_WARN_EMPTY_BODY = YES;
				CLANG_WARN_ENUM_CONVERSION = YES;
				CLANG_WARN_INFINITE_RECURSION = YES;
				CLANG_WARN_INT_CONVERSION = YES;
				CLANG_WARN_NON_LITERAL_NULL_CONVERSION = YES;
				CLANG_WARN_OBJC_IMPLICIT_RETAIN_SELF = YES;
				CLANG_WARN_OBJC_LITERAL_CONVERSION = YES;
				CLANG_WARN_OBJC_ROOT_CLASS = YES_ERROR;
				CLANG_WARN_QUOTED_INCLUDE_IN_FRAMEWORK_HEADER = YES;
				CLANG_WARN_RANGE_LOOP_ANALYSIS = YES;
				CLANG_WARN_STRICT_PROTOTYPES = YES;
				CLANG_WARN_SUSPICIOUS_MOVE = YES;
				CLANG_WARN_UNGUARDED_AVAILABILITY = YES_AGGRESSIVE;
				CLANG_WARN_UNREACHABLE_CODE = YES;
				CLANG_WARN__DUPLICATE_METHOD_MATCH = YES;
				COPY_PHASE_STRIP = NO;
				DEBUG_INFORMATION_FORMAT = "dwarf-with-dsym";
				ENABLE_NS_ASSERTIONS = NO;
				ENABLE_STRICT_OBJC_MSGSEND = YES;
				ENABLE_USER_SCRIPT_SANDBOXING = YES;
				GCC_C_LANGUAGE_STANDARD = gnu17;
				GCC_NO_COMMON_BLOCKS = YES;
				GCC_WARN_64_TO_32_BIT_CONVERSION = YES;
				GCC_WARN_ABOUT_RETURN_TYPE = YES_ERROR;
				GCC_WARN_UNDECLARED_SELECTOR = YES;
				GCC_WARN_UNINITIALIZED_AUTOS = YES_AGGRESSIVE;
				GCC_WARN_UNUSED_FUNCTION = YES;
				GCC_WARN_UNUSED_VARIABLE = YES;
				IPHONEOS_DEPLOYMENT_TARGET = 17.0;
				LOCALIZATION_PREFERS_STRING_CATALOGS = YES;
				MTL_ENABLE_DEBUG_INFO = NO;
				MTL_FAST_MATH = YES;
				SDKROOT = iphoneos;
				SWIFT_COMPILATION_MODE = wholemodule;
				VALIDATE_PRODUCT = YES;
			};
			name = Release;
		};
		FB16330D2BFF629600C3076C /* Debug */ = {
			isa = XCBuildConfiguration;
			buildSettings = {
				ASSETCATALOG_COMPILER_APPICON_NAME = AppIcon;
				ASSETCATALOG_COMPILER_GLOBAL_ACCENT_COLOR_NAME = AccentColor;
				CODE_SIGN_STYLE = Automatic;
				CURRENT_PROJECT_VERSION = 1;
				DEVELOPMENT_ASSET_PATHS = "\"MovieDemo/Preview Content\"";
				ENABLE_PREVIEWS = YES;
				GENERATE_INFOPLIST_FILE = YES;
				INFOPLIST_KEY_UIApplicationSceneManifest_Generation = YES;
				INFOPLIST_KEY_UIApplicationSupportsIndirectInputEvents = YES;
				INFOPLIST_KEY_UILaunchScreen_Generation = YES;
				INFOPLIST_KEY_UISupportedInterfaceOrientations_iPad = "UIInterfaceOrientationPortrait UIInterfaceOrientationPortraitUpsideDown UIInterfaceOrientationLandscapeLeft UIInterfaceOrientationLandscapeRight";
				INFOPLIST_KEY_UISupportedInterfaceOrientations_iPhone = "UIInterfaceOrientationPortrait UIInterfaceOrientationLandscapeLeft UIInterfaceOrientationLandscapeRight";
				IPHONEOS_DEPLOYMENT_TARGET = 15.0;
				LD_RUNPATH_SEARCH_PATHS = (
					"$(inherited)",
					"@executable_path/Frameworks",
				);
				MARKETING_VERSION = 1.0;
				PRODUCT_BUNDLE_IDENTIFIER = com.iradabek.MovieDemo;
				PRODUCT_NAME = "$(TARGET_NAME)";
				SWIFT_EMIT_LOC_STRINGS = YES;
				SWIFT_VERSION = 5.0;
				TARGETED_DEVICE_FAMILY = "1,2";
			};
			name = Debug;
		};
		FB16330E2BFF629600C3076C /* Release */ = {
			isa = XCBuildConfiguration;
			buildSettings = {
				ASSETCATALOG_COMPILER_APPICON_NAME = AppIcon;
				ASSETCATALOG_COMPILER_GLOBAL_ACCENT_COLOR_NAME = AccentColor;
				CODE_SIGN_STYLE = Automatic;
				CURRENT_PROJECT_VERSION = 1;
				DEVELOPMENT_ASSET_PATHS = "\"MovieDemo/Preview Content\"";
				ENABLE_PREVIEWS = YES;
				GENERATE_INFOPLIST_FILE = YES;
				INFOPLIST_KEY_UIApplicationSceneManifest_Generation = YES;
				INFOPLIST_KEY_UIApplicationSupportsIndirectInputEvents = YES;
				INFOPLIST_KEY_UILaunchScreen_Generation = YES;
				INFOPLIST_KEY_UISupportedInterfaceOrientations_iPad = "UIInterfaceOrientationPortrait UIInterfaceOrientationPortraitUpsideDown UIInterfaceOrientationLandscapeLeft UIInterfaceOrientationLandscapeRight";
				INFOPLIST_KEY_UISupportedInterfaceOrientations_iPhone = "UIInterfaceOrientationPortrait UIInterfaceOrientationLandscapeLeft UIInterfaceOrientationLandscapeRight";
				IPHONEOS_DEPLOYMENT_TARGET = 15.0;
				LD_RUNPATH_SEARCH_PATHS = (
					"$(inherited)",
					"@executable_path/Frameworks",
				);
				MARKETING_VERSION = 1.0;
				PRODUCT_BUNDLE_IDENTIFIER = com.iradabek.MovieDemo;
				PRODUCT_NAME = "$(TARGET_NAME)";
				SWIFT_EMIT_LOC_STRINGS = YES;
				SWIFT_VERSION = 5.0;
				TARGETED_DEVICE_FAMILY = "1,2";
			};
			name = Release;
		};
/* End XCBuildConfiguration section */

/* Begin XCConfigurationList section */
		FB1632F92BFF629300C3076C /* Build configuration list for PBXProject "MovieDemo" */ = {
			isa = XCConfigurationList;
			buildConfigurations = (
				FB16330A2BFF629600C3076C /* Debug */,
				FB16330B2BFF629600C3076C /* Release */,
			);
			defaultConfigurationIsVisible = 0;
			defaultConfigurationName = Release;
		};
		FB16330C2BFF629600C3076C /* Build configuration list for PBXNativeTarget "MovieDemo" */ = {
			isa = XCConfigurationList;
			buildConfigurations = (
				FB16330D2BFF629600C3076C /* Debug */,
				FB16330E2BFF629600C3076C /* Release */,
			);
			defaultConfigurationIsVisible = 0;
			defaultConfigurationName = Release;
		};
/* End XCConfigurationList section */

/* Begin XCRemoteSwiftPackageReference section */
		FB6BACC92C0076AF0037207C /* XCRemoteSwiftPackageReference "Kingfisher" */ = {
			isa = XCRemoteSwiftPackageReference;
			repositoryURL = "https://github.com/onevcat/Kingfisher.git";
			requirement = {
				kind = upToNextMajorVersion;
				minimumVersion = 7.11.0;
			};
		};
/* End XCRemoteSwiftPackageReference section */

/* Begin XCSwiftPackageProductDependency section */
		FB6BACCA2C0076AF0037207C /* Kingfisher */ = {
			isa = XCSwiftPackageProductDependency;
			package = FB6BACC92C0076AF0037207C /* XCRemoteSwiftPackageReference "Kingfisher" */;
			productName = Kingfisher;
		};
/* End XCSwiftPackageProductDependency section */
	};
	rootObject = FB1632F62BFF629300C3076C /* Project object */;
}
